
Microsoft Visual Studio Solution File, Format Version 12.00
# Visual Studio Version 17
VisualStudioVersion = 17.7.34031.279
MinimumVisualStudioVersion = 10.0.40219.1
Project("{FAE04EC0-301F-11D3-BF4B-00C04F79EFBC}") = "DataAccess", "DataAccess\DataAccess.csproj", "{28D040BD-3C83-4125-8DAA-4244A034BCB4}"
EndProject
Project("{FAE04EC0-301F-11D3-BF4B-00C04F79EFBC}") = "Business", "Business\Business.csproj", "{7ED985A0-E9BD-4610-9664-FF56E0EB311B}"
EndProject
Project("{FAE04EC0-301F-11D3-BF4B-00C04F79EFBC}") = "Entities", "Entities\Entities.csproj", "{227732AC-6EA5-4B7C-BE8A-3DD0A79D7A8A}"
EndProject
Project("{FAE04EC0-301F-11D3-BF4B-00C04F79EFBC}") = "ConsoleUI", "ConsoleUI\ConsoleUI.csproj", "{CDD89696-34DC-47E0-A86F-D9DDF1CE2187}"
EndProject
Global
	GlobalSection(SolutionConfigurationPlatforms) = preSolution
		Debug|Any CPU = Debug|Any CPU
		Release|Any CPU = Release|Any CPU
	EndGlobalSection
	GlobalSection(ProjectConfigurationPlatforms) = postSolution
		{28D040BD-3C83-4125-8DAA-4244A034BCB4}.Debug|Any CPU.ActiveCfg = Debug|Any CPU
		{28D040BD-3C83-4125-8DAA-4244A034BCB4}.Debug|Any CPU.Build.0 = Debug|Any CPU
		{28D040BD-3C83-4125-8DAA-4244A034BCB4}.Release|Any CPU.ActiveCfg = Release|Any CPU
		{28D040BD-3C83-4125-8DAA-4244A034BCB4}.Release|Any CPU.Build.0 = Release|Any CPU
		{7ED985A0-E9BD-4610-9664-FF56E0EB311B}.Debug|Any CPU.ActiveCfg = Debug|Any CPU
		{7ED985A0-E9BD-4610-9664-FF56E0EB311B}.Debug|Any CPU.Build.0 = Debug|Any CPU
		{7ED985A0-E9BD-4610-9664-FF56E0EB311B}.Release|Any CPU.ActiveCfg = Release|Any CPU
		{7ED985A0-E9BD-4610-9664-FF56E0EB311B}.Release|Any CPU.Build.0 = Release|Any CPU
		{227732AC-6EA5-4B7C-BE8A-3DD0A79D7A8A}.Debug|Any CPU.ActiveCfg = Debug|Any CPU
		{227732AC-6EA5-4B7C-BE8A-3DD0A79D7A8A}.Debug|Any CPU.Build.0 = Debug|Any CPU
		{227732AC-6EA5-4B7C-BE8A-3DD0A79D7A8A}.Release|Any CPU.ActiveCfg = Release|Any CPU
		{227732AC-6EA5-4B7C-BE8A-3DD0A79D7A8A}.Release|Any CPU.Build.0 = Release|Any CPU
		{CDD89696-34DC-47E0-A86F-D9DDF1CE2187}.Debug|Any CPU.ActiveCfg = Debug|Any CPU
		{CDD89696-34DC-47E0-A86F-D9DDF1CE2187}.Debug|Any CPU.Build.0 = Debug|Any CPU
		{CDD89696-34DC-47E0-A86F-D9DDF1CE2187}.Release|Any CPU.ActiveCfg = Release|Any CPU
		{CDD89696-34DC-47E0-A86F-D9DDF1CE2187}.Release|Any CPU.Build.0 = Release|Any CPU
	EndGlobalSection
	GlobalSection(SolutionProperties) = preSolution
		HideSolutionNode = FALSE
	EndGlobalSection
	GlobalSection(ExtensibilityGlobals) = postSolution
		SolutionGuid = {32727D82-D73F-45BE-B9BF-4A3C8C8B741B}
	EndGlobalSection
EndGlobal
